
Microsoft Visual Studio Solution File, Format Version 12.00
# Visual Studio Version 16
VisualStudioVersion = 16.0.31829.152
MinimumVisualStudioVersion = 10.0.40219.1
Project("{FAE04EC0-301F-11D3-BF4B-00C04F79EFBC}") = "AK1", "AK1\AK1.csproj", "{175731CF-BC64-4737-9F28-53F6DC911E90}"
EndProject
Global
	GlobalSection(SolutionConfigurationPlatforms) = preSolution
		Debug|Any CPU = Debug|Any CPU
		Release|Any CPU = Release|Any CPU
	EndGlobalSection
	GlobalSection(ProjectConfigurationPlatforms) = postSolution
		{175731CF-BC64-4737-9F28-53F6DC911E90}.Debug|Any CPU.ActiveCfg = Debug|Any CPU
		{175731CF-BC64-4737-9F28-53F6DC911E90}.Debug|Any CPU.Build.0 = Debug|Any CPU
		{175731CF-BC64-4737-9F28-53F6DC911E90}.Release|Any CPU.ActiveCfg = Release|Any CPU
		{175731CF-BC64-4737-9F28-53F6DC911E90}.Release|Any CPU.Build.0 = Release|Any CPU
	EndGlobalSection
	GlobalSection(SolutionProperties) = preSolution
		HideSolutionNode = FALSE
	EndGlobalSection
	GlobalSection(ExtensibilityGlobals) = postSolution
		SolutionGuid = {E248A42B-EE7B-4C09-B61D-B234441438DE}
	EndGlobalSection
EndGlobal
